{
  "name": "phase-3-running-ruby-code",
  "lockfileVersion": 2,
  "requires": true,
  "packages": {
    "": {
      "name": "phase-3-running-ruby-code",
      "dependencies": {
        "learn": "^0.0.1"
      }
    },
    "node_modules/learn": {
      "version": "0.0.1",
      "resolved": "https://registry.npmjs.org/learn/-/learn-0.0.1.tgz",
      "integrity": "sha512-ihNhKUnbxHijT1+mHx5H4eOV14QEU10rOxmnwFNP9WGL02wQHdbWyB6d1vM8p+TvLHTW+Kyk8lIzhpykeb0fOA==",
      "dependencies": {
        "underscore": "1.4.x"
      }
    },
    "node_modules/underscore": {
      "version": "1.4.4",
      "resolved": "https://registry.npmjs.org/underscore/-/underscore-1.4.4.tgz",
      "integrity": "sha512-ZqGrAgaqqZM7LGRzNjLnw5elevWb5M8LEoDMadxIW3OWbcv72wMMgKdwOKpd5Fqxe8choLD8HN3iSj3TUh/giQ=="
    }
  },
  "dependencies": {
    "learn": {
      "version": "0.0.1",
      "resolved": "https://registry.npmjs.org/learn/-/learn-0.0.1.tgz",
      "integrity": "sha512-ihNhKUnbxHijT1+mHx5H4eOV14QEU10rOxmnwFNP9WGL02wQHdbWyB6d1vM8p+TvLHTW+Kyk8lIzhpykeb0fOA==",
      "requires": {
        "underscore": "1.4.x"
      }
    },
    "underscore": {
      "version": "1.4.4",
      "resolved": "https://registry.npmjs.org/underscore/-/underscore-1.4.4.tgz",
      "integrity": "sha512-ZqGrAgaqqZM7LGRzNjLnw5elevWb5M8LEoDMadxIW3OWbcv72wMMgKdwOKpd5Fqxe8choLD8HN3iSj3TUh/giQ=="
    }
  }
}
